// !$*UTF8*$!
{
	archiveVersion = 1;
	classes = {
	};
	objectVersion = 50;
	objects = {

/* Begin PBXBuildFile section */
		A5B049962575DB190053543C /* AppDelegate.swift in Sources */ = {isa = PBXBuildFile; fileRef = A5B049952575DB190053543C /* AppDelegate.swift */; };
		A5B049982575DB190053543C /* ViewController.swift in Sources */ = {isa = PBXBuildFile; fileRef = A5B049972575DB190053543C /* ViewController.swift */; };
		A5B0499A2575DB1A0053543C /* Assets.xcassets in Resources */ = {isa = PBXBuildFile; fileRef = A5B049992575DB1A0053543C /* Assets.xcassets */; };
		A5B0499D2575DB1A0053543C /* Main.storyboard in Resources */ = {isa = PBXBuildFile; fileRef = A5B0499B2575DB1A0053543C /* Main.storyboard */; };
		A5B049A92575DB1A0053543C /* testTests.swift in Sources */ = {isa = PBXBuildFile; fileRef = A5B049A82575DB1A0053543C /* testTests.swift */; };
		A5B049B42575DB1A0053543C /* testUITests.swift in Sources */ = {isa = PBXBuildFile; fileRef = A5B049B32575DB1A0053543C /* testUITests.swift */; };
/* End PBXBuildFile section */

/* Begin PBXContainerItemProxy section */
		A5B049A52575DB1A0053543C /* PBXContainerItemProxy */ = {
			isa = PBXContainerItemProxy;
			containerPortal = A5B0498A2575DB190053543C /* Project object */;
			proxyType = 1;
			remoteGlobalIDString = A5B049912575DB190053543C;
			remoteInfo = test;
		};
		A5B049B02575DB1A0053543C /* PBXContainerItemProxy */ = {
			isa = PBXContainerItemProxy;
			containerPortal = A5B0498A2575DB190053543C /* Project object */;
			proxyType = 1;
			remoteGlobalIDString = A5B049912575DB190053543C;
			remoteInfo = test;
		};
/* End PBXContainerItemProxy section */

/* Begin PBXFileReference section */
		A5B049922575DB190053543C /* test.app */ = {isa = PBXFileReference; explicitFileType = wrapper.application; includeInIndex = 0; path = test.app; sourceTree = BUILT_PRODUCTS_DIR; };
		A5B049952575DB190053543C /* AppDelegate.swift */ = {isa = PBXFileReference; lastKnownFileType = sourcecode.swift; path = AppDelegate.swift; sourceTree = "<group>"; };
		A5B049972575DB190053543C /* ViewController.swift */ = {isa = PBXFileReference; lastKnownFileType = sourcecode.swift; path = ViewController.swift; sourceTree = "<group>"; };
		A5B049992575DB1A0053543C /* Assets.xcassets */ = {isa = PBXFileReference; lastKnownFileType = folder.assetcatalog; path = Assets.xcassets; sourceTree = "<group>"; };
		A5B0499C2575DB1A0053543C /* Base */ = {isa = PBXFileReference; lastKnownFileType = file.storyboard; name = Base; path = Base.lproj/Main.storyboard; sourceTree = "<group>"; };
		A5B0499E2575DB1A0053543C /* Info.plist */ = {isa = PBXFileReference; lastKnownFileType = text.plist.xml; path = Info.plist; sourceTree = "<group>"; };
		A5B0499F2575DB1A0053543C /* test.entitlements */ = {isa = PBXFileReference; lastKnownFileType = text.plist.entitlements; path = test.entitlements; sourceTree = "<group>"; };
		A5B049A42575DB1A0053543C /* testTests.xctest */ = {isa = PBXFileReference; explicitFileType = wrapper.cfbundle; includeInIndex = 0; path = testTests.xctest; sourceTree = BUILT_PRODUCTS_DIR; };
		A5B049A82575DB1A0053543C /* testTests.swift */ = {isa = PBXFileReference; lastKnownFileType = sourcecode.swift; path = testTests.swift; sourceTree = "<group>"; };
		A5B049AA2575DB1A0053543C /* Info.plist */ = {isa = PBXFileReference; lastKnownFileType = text.plist.xml; path = Info.plist; sourceTree = "<group>"; };
		A5B049AF2575DB1A0053543C /* testUITests.xctest */ = {isa = PBXFileReference; explicitFileType = wrapper.cfbundle; includeInIndex = 0; path = testUITests.xctest; sourceTree = BUILT_PRODUCTS_DIR; };
		A5B049B32575DB1A0053543C /* testUITests.swift */ = {isa = PBXFileReference; lastKnownFileType = sourcecode.swift; path = testUITests.swift; sourceTree = "<group>"; };
		A5B049B52575DB1A0053543C /* Info.plist */ = {isa = PBXFileReference; lastKnownFileType = text.plist.xml; path = Info.plist; sourceTree = "<group>"; };
/* End PBXFileReference section */

/* Begin PBXFrameworksBuildPhase section */
		A5B0498F2575DB190053543C /* Frameworks */ = {
			isa = PBXFrameworksBuildPhase;
			buildActionMask = 2147483647;
			files = (
			);
			runOnlyForDeploymentPostprocessing = 0;
		};
		A5B049A12575DB1A0053543C /* Frameworks */ = {
			isa = PBXFrameworksBuildPhase;
			buildActionMask = 2147483647;
			files = (
			);
			runOnlyForDeploymentPostprocessing = 0;
		};
		A5B049AC2575DB1A0053543C /* Frameworks */ = {
			isa = PBXFrameworksBuildPhase;
			buildActionMask = 2147483647;
			files = (
			);
			runOnlyForDeploymentPostprocessing = 0;
		};
/* End PBXFrameworksBuildPhase section */

/* Begin PBXGroup section */
		A5B049892575DB190053543C = {
			isa = PBXGroup;
			children = (
				A5B049942575DB190053543C /* test */,
				A5B049A72575DB1A0053543C /* testTests */,
				A5B049B22575DB1A0053543C /* testUITests */,
				A5B049932575DB190053543C /* Products */,
			);
			sourceTree = "<group>";
		};
		A5B049932575DB190053543C /* Products */ = {
			isa = PBXGroup;
			children = (
				A5B049922575DB190053543C /* test.app */,
				A5B049A42575DB1A0053543C /* testTests.xctest */,
				A5B049AF2575DB1A0053543C /* testUITests.xctest */,
			);
			name = Products;
			sourceTree = "<group>";
		};
		A5B049942575DB190053543C /* test */ = {
			isa = PBXGroup;
			children = (
				A5B049952575DB190053543C /* AppDelegate.swift */,
				A5B049972575DB190053543C /* ViewController.swift */,
				A5B049992575DB1A0053543C /* Assets.xcassets */,
				A5B0499B2575DB1A0053543C /* Main.storyboard */,
				A5B0499E2575DB1A0053543C /* Info.plist */,
				A5B0499F2575DB1A0053543C /* test.entitlements */,
			);
			path = test;
			sourceTree = "<group>";
		};
		A5B049A72575DB1A0053543C /* testTests */ = {
			isa = PBXGroup;
			children = (
				A5B049A82575DB1A0053543C /* testTests.swift */,
				A5B049AA2575DB1A0053543C /* Info.plist */,
			);
			path = testTests;
			sourceTree = "<group>";
		};
		A5B049B22575DB1A0053543C /* testUITests */ = {
			isa = PBXGroup;
			children = (
				A5B049B32575DB1A0053543C /* testUITests.swift */,
				A5B049B52575DB1A0053543C /* Info.plist */,
			);
			path = testUITests;
			sourceTree = "<group>";
		};
/* End PBXGroup section */

/* Begin PBXNativeTarget section */
		A5B049912575DB190053543C /* test */ = {
			isa = PBXNativeTarget;
			buildConfigurationList = A5B049B82575DB1A0053543C /* Build configuration list for PBXNativeTarget "test" */;
			buildPhases = (
				A5B0498E2575DB190053543C /* Sources */,
				A5B0498F2575DB190053543C /* Frameworks */,
				A5B049902575DB190053543C /* Resources */,
			);
			buildRules = (
			);
			dependencies = (
			);
			name = test;
			productName = test;
			productReference = A5B049922575DB190053543C /* test.app */;
			productType = "com.apple.product-type.application";
		};
		A5B049A32575DB1A0053543C /* testTests */ = {
			isa = PBXNativeTarget;
			buildConfigurationList = A5B049BB2575DB1A0053543C /* Build configuration list for PBXNativeTarget "testTests" */;
			buildPhases = (
				A5B049A02575DB1A0053543C /* Sources */,
				A5B049A12575DB1A0053543C /* Frameworks */,
				A5B049A22575DB1A0053543C /* Resources */,
			);
			buildRules = (
			);
			dependencies = (
				A5B049A62575DB1A0053543C /* PBXTargetDependency */,
			);
			name = testTests;
			productName = testTests;
			productReference = A5B049A42575DB1A0053543C /* testTests.xctest */;
			productType = "com.apple.product-type.bundle.unit-test";
		};
		A5B049AE2575DB1A0053543C /* testUITests */ = {
			isa = PBXNativeTarget;
			buildConfigurationList = A5B049BE2575DB1A0053543C /* Build configuration list for PBXNativeTarget "testUITests" */;
			buildPhases = (
				A5B049AB2575DB1A0053543C /* Sources */,
				A5B049AC2575DB1A0053543C /* Frameworks */,
				A5B049AD2575DB1A0053543C /* Resources */,
			);
			buildRules = (
			);
			dependencies = (
				A5B049B12575DB1A0053543C /* PBXTargetDependency */,
			);
			name = testUITests;
			productName = testUITests;
			productReference = A5B049AF2575DB1A0053543C /* testUITests.xctest */;
			productType = "com.apple.product-type.bundle.ui-testing";
		};
/* End PBXNativeTarget section */

/* Begin PBXProject section */
		A5B0498A2575DB190053543C /* Project object */ = {
			isa = PBXProject;
			attributes = {
				LastSwiftUpdateCheck = 1220;
				LastUpgradeCheck = 1220;
				TargetAttributes = {
					A5B049912575DB190053543C = {
						CreatedOnToolsVersion = 12.2;
					};
					A5B049A32575DB1A0053543C = {
						CreatedOnToolsVersion = 12.2;
						TestTargetID = A5B049912575DB190053543C;
					};
					A5B049AE2575DB1A0053543C = {
						CreatedOnToolsVersion = 12.2;
						TestTargetID = A5B049912575DB190053543C;
					};
				};
			};
			buildConfigurationList = A5B0498D2575DB190053543C /* Build configuration list for PBXProject "test" */;
			compatibilityVersion = "Xcode 9.3";
			developmentRegion = en;
			hasScannedForEncodings = 0;
			knownRegions = (
				en,
				Base,
			);
			mainGroup = A5B049892575DB190053543C;
			productRefGroup = A5B049932575DB190053543C /* Products */;
			projectDirPath = "";
			projectRoot = "";
			targets = (
				A5B049912575DB190053543C /* test */,
				A5B049A32575DB1A0053543C /* testTests */,
				A5B049AE2575DB1A0053543C /* testUITests */,
			);
		};
/* End PBXProject section */

/* Begin PBXResourcesBuildPhase section */
		A5B049902575DB190053543C /* Resources */ = {
			isa = PBXResourcesBuildPhase;
			buildActionMask = 2147483647;
			files = (
				A5B0499A2575DB1A0053543C /* Assets.xcassets in Resources */,
				A5B0499D2575DB1A0053543C /* Main.storyboard in Resources */,
			);
			runOnlyForDeploymentPostprocessing = 0;
		};
		A5B049A22575DB1A0053543C /* Resources */ = {
			isa = PBXResourcesBuildPhase;
			buildActionMask = 2147483647;
			files = (
			);
			runOnlyForDeploymentPostprocessing = 0;
		};
		A5B049AD2575DB1A0053543C /* Resources */ = {
			isa = PBXResourcesBuildPhase;
			buildActionMask = 2147483647;
			files = (
			);
			runOnlyForDeploymentPostprocessing = 0;
		};
/* End PBXResourcesBuildPhase section */

/* Begin PBXSourcesBuildPhase section */
		A5B0498E2575DB190053543C /* Sources */ = {
			isa = PBXSourcesBuildPhase;
			buildActionMask = 2147483647;
			files = (
				A5B049982575DB190053543C /* ViewController.swift in Sources */,
				A5B049962575DB190053543C /* AppDelegate.swift in Sources */,
			);
			runOnlyForDeploymentPostprocessing = 0;
		};
		A5B049A02575DB1A0053543C /* Sources */ = {
			isa = PBXSourcesBuildPhase;
			buildActionMask = 2147483647;
			files = (
				A5B049A92575DB1A0053543C /* testTests.swift in Sources */,
			);
			runOnlyForDeploymentPostprocessing = 0;
		};
		A5B049AB2575DB1A0053543C /* Sources */ = {
			isa = PBXSourcesBuildPhase;
			buildActionMask = 2147483647;
			files = (
				A5B049B42575DB1A0053543C /* testUITests.swift in Sources */,
			);
			runOnlyForDeploymentPostprocessing = 0;
		};
/* End PBXSourcesBuildPhase section */

/* Begin PBXTargetDependency section */
		A5B049A62575DB1A0053543C /* PBXTargetDependency */ = {
			isa = PBXTargetDependency;
			target = A5B049912575DB190053543C /* test */;
			targetProxy = A5B049A52575DB1A0053543C /* PBXContainerItemProxy */;
		};
		A5B049B12575DB1A0053543C /* PBXTargetDependency */ = {
			isa = PBXTargetDependency;
			target = A5B049912575DB190053543C /* test */;
			targetProxy = A5B049B02575DB1A0053543C /* PBXContainerItemProxy */;
		};
/* End PBXTargetDependency section */

/* Begin PBXVariantGroup section */
		A5B0499B2575DB1A0053543C /* Main.storyboard */ = {
			isa = PBXVariantGroup;
			children = (
				A5B0499C2575DB1A0053543C /* Base */,
			);
			name = Main.storyboard;
			sourceTree = "<group>";
		};
/* End PBXVariantGroup section */

/* Begin XCBuildConfiguration section */
		A5B049B62575DB1A0053543C /* Debug */ = {
			isa = XCBuildConfiguration;
			buildSettings = {
				ALWAYS_SEARCH_USER_PATHS = NO;
				CLANG_ANALYZER_NONNULL = YES;
				CLANG_ANALYZER_NUMBER_OBJECT_CONVERSION = YES_AGGRESSIVE;
				CLANG_CXX_LANGUAGE_STANDARD = "gnu++14";
				CLANG_CXX_LIBRARY = "libc++";
				CLANG_ENABLE_MODULES = YES;
				CLANG_ENABLE_OBJC_ARC = YES;
				CLANG_ENABLE_OBJC_WEAK = YES;
				CLANG_WARN_BLOCK_CAPTURE_AUTORELEASING = YES;
				CLANG_WARN_BOOL_CONVERSION = YES;
				CLANG_WARN_COMMA = YES;
				CLANG_WARN_CONSTANT_CONVERSION = YES;
				CLANG_WARN_DEPRECATED_OBJC_IMPLEMENTATIONS = YES;
				CLANG_WARN_DIRECT_OBJC_ISA_USAGE = YES_ERROR;
				CLANG_WARN_DOCUMENTATION_COMMENTS = YES;
				CLANG_WARN_EMPTY_BODY = YES;
				CLANG_WARN_ENUM_CONVERSION = YES;
				CLANG_WARN_INFINITE_RECURSION = YES;
				CLANG_WARN_INT_CONVERSION = YES;
				CLANG_WARN_NON_LITERAL_NULL_CONVERSION = YES;
				CLANG_WARN_OBJC_IMPLICIT_RETAIN_SELF = YES;
				CLANG_WARN_OBJC_LITERAL_CONVERSION = YES;
				CLANG_WARN_OBJC_ROOT_CLASS = YES_ERROR;
				CLANG_WARN_QUOTED_INCLUDE_IN_FRAMEWORK_HEADER = YES;
				CLANG_WARN_RANGE_LOOP_ANALYSIS = YES;
				CLANG_WARN_STRICT_PROTOTYPES = YES;
				CLANG_WARN_SUSPICIOUS_MOVE = YES;
				CLANG_WARN_UNGUARDED_AVAILABILITY = YES_AGGRESSIVE;
				CLANG_WARN_UNREACHABLE_CODE = YES;
				CLANG_WARN__DUPLICATE_METHOD_MATCH = YES;
				COPY_PHASE_STRIP = NO;
				DEBUG_INFORMATION_FORMAT = dwarf;
				ENABLE_STRICT_OBJC_MSGSEND = YES;
				ENABLE_TESTABILITY = YES;
				GCC_C_LANGUAGE_STANDARD = gnu11;
				GCC_DYNAMIC_NO_PIC = NO;
				GCC_NO_COMMON_BLOCKS = YES;
				GCC_OPTIMIZATION_LEVEL = 0;
				GCC_PREPROCESSOR_DEFINITIONS = (
					"DEBUG=1",
					"$(inherited)",
				);
				GCC_WARN_64_TO_32_BIT_CONVERSION = YES;
				GCC_WARN_ABOUT_RETURN_TYPE = YES_ERROR;
				GCC_WARN_UNDECLARED_SELECTOR = YES;
				GCC_WARN_UNINITIALIZED_AUTOS = YES_AGGRESSIVE;
				GCC_WARN_UNUSED_FUNCTION = YES;
				GCC_WARN_UNUSED_VARIABLE = YES;
				MACOSX_DEPLOYMENT_TARGET = 11.0;
				MTL_ENABLE_DEBUG_INFO = INCLUDE_SOURCE;
				MTL_FAST_MATH = YES;
				ONLY_ACTIVE_ARCH = YES;
				SDKROOT = macosx;
				SWIFT_ACTIVE_COMPILATION_CONDITIONS = DEBUG;
				SWIFT_OPTIMIZATION_LEVEL = "-Onone";
			};
			name = Debug;
		};
		A5B049B72575DB1A0053543C /* Release */ = {
			isa = XCBuildConfiguration;
			buildSettings = {
				ALWAYS_SEARCH_USER_PATHS = NO;
				CLANG_ANALYZER_NONNULL = YES;
				CLANG_ANALYZER_NUMBER_OBJECT_CONVERSION = YES_AGGRESSIVE;
				CLANG_CXX_LANGUAGE_STANDARD = "gnu++14";
				CLANG_CXX_LIBRARY = "libc++";
				CLANG_ENABLE_MODULES = YES;
				CLANG_ENABLE_OBJC_ARC = YES;
				CLANG_ENABLE_OBJC_WEAK = YES;
				CLANG_WARN_BLOCK_CAPTURE_AUTORELEASING = YES;
				CLANG_WARN_BOOL_CONVERSION = YES;
				CLANG_WARN_COMMA = YES;
				CLANG_WARN_CONSTANT_CONVERSION = YES;
				CLANG_WARN_DEPRECATED_OBJC_IMPLEMENTATIONS = YES;
				CLANG_WARN_DIRECT_OBJC_ISA_USAGE = YES_ERROR;
				CLANG_WARN_DOCUMENTATION_COMMENTS = YES;
				CLANG_WARN_EMPTY_BODY = YES;
				CLANG_WARN_ENUM_CONVERSION = YES;
				CLANG_WARN_INFINITE_RECURSION = YES;
				CLANG_WARN_INT_CONVERSION = YES;
				CLANG_WARN_NON_LITERAL_NULL_CONVERSION = YES;
				CLANG_WARN_OBJC_IMPLICIT_RETAIN_SELF = YES;
				CLANG_WARN_OBJC_LITERAL_CONVERSION = YES;
				CLANG_WARN_OBJC_ROOT_CLASS = YES_ERROR;
				CLANG_WARN_QUOTED_INCLUDE_IN_FRAMEWORK_HEADER = YES;
				CLANG_WARN_RANGE_LOOP_ANALYSIS = YES;
				CLANG_WARN_STRICT_PROTOTYPES = YES;
				CLANG_WARN_SUSPICIOUS_MOVE = YES;
				CLANG_WARN_UNGUARDED_AVAILABILITY = YES_AGGRESSIVE;
				CLANG_WARN_UNREACHABLE_CODE = YES;
				CLANG_WARN__DUPLICATE_METHOD_MATCH = YES;
				COPY_PHASE_STRIP = NO;
				DEBUG_INFORMATION_FORMAT = "dwarf-with-dsym";
				ENABLE_NS_ASSERTIONS = NO;
				ENABLE_STRICT_OBJC_MSGSEND = YES;
				GCC_C_LANGUAGE_STANDARD = gnu11;
				GCC_NO_COMMON_BLOCKS = YES;
				GCC_WARN_64_TO_32_BIT_CONVERSION = YES;
				GCC_WARN_ABOUT_RETURN_TYPE = YES_ERROR;
				GCC_WARN_UNDECLARED_SELECTOR = YES;
				GCC_WARN_UNINITIALIZED_AUTOS = YES_AGGRESSIVE;
				GCC_WARN_UNUSED_FUNCTION = YES;
				GCC_WARN_UNUSED_VARIABLE = YES;
				MACOSX_DEPLOYMENT_TARGET = 11.0;
				MTL_ENABLE_DEBUG_INFO = NO;
				MTL_FAST_MATH = YES;
				SDKROOT = macosx;
				SWIFT_COMPILATION_MODE = wholemodule;
				SWIFT_OPTIMIZATION_LEVEL = "-O";
			};
			name = Release;
		};
		A5B049B92575DB1A0053543C /* Debug */ = {
			isa = XCBuildConfiguration;
			buildSettings = {
				ASSETCATALOG_COMPILER_APPICON_NAME = AppIcon;
				ASSETCATALOG_COMPILER_GLOBAL_ACCENT_COLOR_NAME = AccentColor;
				CODE_SIGN_ENTITLEMENTS = test/test.entitlements;
				CODE_SIGN_STYLE = Automatic;
				COMBINE_HIDPI_IMAGES = YES;
				INFOPLIST_FILE = test/Info.plist;
				LD_RUNPATH_SEARCH_PATHS = (
					"$(inherited)",
					"@executable_path/../Frameworks",
				);
				MACOSX_DEPLOYMENT_TARGET = 10.10;
				PRODUCT_BUNDLE_IDENTIFIER = io.inspiresearch.test;
				PRODUCT_NAME = "$(TARGET_NAME)";
				SWIFT_VERSION = 5.0;
				"TARGETED_DEVICE_FAMILY[sdk=*]" = "";
			};
			name = Debug;
		};
		A5B049BA2575DB1A0053543C /* Release */ = {
			isa = XCBuildConfiguration;
			buildSettings = {
				ASSETCATALOG_COMPILER_APPICON_NAME = AppIcon;
				ASSETCATALOG_COMPILER_GLOBAL_ACCENT_COLOR_NAME = AccentColor;
				CODE_SIGN_ENTITLEMENTS = test/test.entitlements;
				CODE_SIGN_STYLE = Automatic;
				COMBINE_HIDPI_IMAGES = YES;
				INFOPLIST_FILE = test/Info.plist;
				LD_RUNPATH_SEARCH_PATHS = (
					"$(inherited)",
					"@executable_path/../Frameworks",
				);
				MACOSX_DEPLOYMENT_TARGET = 10.10;
				"MTL_ENABLE_DEBUG_INFO[arch=*]" = NO;
				PRODUCT_BUNDLE_IDENTIFIER = io.inspiresearch.test;
				PRODUCT_NAME = "$(TARGET_NAME)";
				SWIFT_VERSION = 5.0;
				"TARGETED_DEVICE_FAMILY[sdk=macosx*]" = "";
			};
			name = Release;
		};
		A5B049BC2575DB1A0053543C /* Debug */ = {
			isa = XCBuildConfiguration;
			buildSettings = {
				ALWAYS_EMBED_SWIFT_STANDARD_LIBRARIES = YES;
				BUNDLE_LOADER = "$(TEST_HOST)";
				CODE_SIGN_STYLE = Automatic;
				COMBINE_HIDPI_IMAGES = YES;
				INFOPLIST_FILE = testTests/Info.plist;
				LD_RUNPATH_SEARCH_PATHS = (
					"$(inherited)",
					"@executable_path/../Frameworks",
					"@loader_path/../Frameworks",
				);
				MACOSX_DEPLOYMENT_TARGET = 11.0;
				PRODUCT_BUNDLE_IDENTIFIER = io.inspiresearch.testTests;
				PRODUCT_NAME = "$(TARGET_NAME)";
				SWIFT_VERSION = 5.0;
				TEST_HOST = "$(BUILT_PRODUCTS_DIR)/test.app/Contents/MacOS/test";
			};
			name = Debug;
		};
		A5B049BD2575DB1A0053543C /* Release */ = {
			isa = XCBuildConfiguration;
			buildSettings = {
				ALWAYS_EMBED_SWIFT_STANDARD_LIBRARIES = YES;
				BUNDLE_LOADER = "$(TEST_HOST)";
				CODE_SIGN_STYLE = Automatic;
				COMBINE_HIDPI_IMAGES = YES;
				INFOPLIST_FILE = testTests/Info.plist;
				LD_RUNPATH_SEARCH_PATHS = (
					"$(inherited)",
					"@executable_path/../Frameworks",
					"@loader_path/../Frameworks",
				);
				MACOSX_DEPLOYMENT_TARGET = 11.0;
				PRODUCT_BUNDLE_IDENTIFIER = io.inspiresearch.testTests;
				PRODUCT_NAME = "$(TARGET_NAME)";
				SWIFT_VERSION = 5.0;
				TEST_HOST = "$(BUILT_PRODUCTS_DIR)/test.app/Contents/MacOS/test";
			};
			name = Release;
		};
		A5B049BF2575DB1A0053543C /* Debug */ = {
			isa = XCBuildConfiguration;
			buildSettings = {
				ALWAYS_EMBED_SWIFT_STANDARD_LIBRARIES = YES;
				CODE_SIGN_STYLE = Automatic;
				COMBINE_HIDPI_IMAGES = YES;
				INFOPLIST_FILE = testUITests/Info.plist;
				LD_RUNPATH_SEARCH_PATHS = (
					"$(inherited)",
					"@executable_path/../Frameworks",
					"@loader_path/../Frameworks",
				);
				PRODUCT_BUNDLE_IDENTIFIER = io.inspiresearch.testUITests;
				PRODUCT_NAME = "$(TARGET_NAME)";
				SWIFT_VERSION = 5.0;
				TEST_TARGET_NAME = test;
			};
			name = Debug;
		};
		A5B049C02575DB1A0053543C /* Release */ = {
			isa = XCBuildConfiguration;
			buildSettings = {
				ALWAYS_EMBED_SWIFT_STANDARD_LIBRARIES = YES;
				CODE_SIGN_STYLE = Automatic;
				COMBINE_HIDPI_IMAGES = YES;
				INFOPLIST_FILE = testUITests/Info.plist;
				LD_RUNPATH_SEARCH_PATHS = (
					"$(inherited)",
					"@executable_path/../Frameworks",
					"@loader_path/../Frameworks",
				);
				PRODUCT_BUNDLE_IDENTIFIER = io.inspiresearch.testUITests;
				PRODUCT_NAME = "$(TARGET_NAME)";
				SWIFT_VERSION = 5.0;
				TEST_TARGET_NAME = test;
			};
			name = Release;
		};
/* End XCBuildConfiguration section */

/* Begin XCConfigurationList section */
		A5B0498D2575DB190053543C /* Build configuration list for PBXProject "test" */ = {
			isa = XCConfigurationList;
			buildConfigurations = (
				A5B049B62575DB1A0053543C /* Debug */,
				A5B049B72575DB1A0053543C /* Release */,
			);
			defaultConfigurationIsVisible = 0;
			defaultConfigurationName = Release;
		};
		A5B049B82575DB1A0053543C /* Build configuration list for PBXNativeTarget "test" */ = {
			isa = XCConfigurationList;
			buildConfigurations = (
				A5B049B92575DB1A0053543C /* Debug */,
				A5B049BA2575DB1A0053543C /* Release */,
			);
			defaultConfigurationIsVisible = 0;
			defaultConfigurationName = Release;
		};
		A5B049BB2575DB1A0053543C /* Build configuration list for PBXNativeTarget "testTests" */ = {
			isa = XCConfigurationList;
			buildConfigurations = (
				A5B049BC2575DB1A0053543C /* Debug */,
				A5B049BD2575DB1A0053543C /* Release */,
			);
			defaultConfigurationIsVisible = 0;
			defaultConfigurationName = Release;
		};
		A5B049BE2575DB1A0053543C /* Build configuration list for PBXNativeTarget "testUITests" */ = {
			isa = XCConfigurationList;
			buildConfigurations = (
				A5B049BF2575DB1A0053543C /* Debug */,
				A5B049C02575DB1A0053543C /* Release */,
			);
			defaultConfigurationIsVisible = 0;
			defaultConfigurationName = Release;
		};
/* End XCConfigurationList section */
	};
	rootObject = A5B0498A2575DB190053543C /* Project object */;
}
